{
  "name": "smart-contract",
  "version": "1.0.0",
  "lockfileVersion": 2,
  "requires": true,
  "packages": {
    "": {
      "name": "smart-contract",
      "version": "1.0.0",
      "license": "ISC",
      "dependencies": {
        "@klaytn/contracts": "^0.9.0"
      }
    },
    "node_modules/@klaytn/contracts": {
      "version": "0.9.0",
      "resolved": "https://registry.npmjs.org/@klaytn/contracts/-/contracts-0.9.0.tgz",
      "integrity": "sha512-yuJEkaCfKt2Wb17tyeaDKCB7KjHSp6tOOHp/x6Cbck1uiqpIu02pKH7qq+zFrKJ6c9cn0J0G9bXjfcjXH4ZEHg=="
    }
  },
  "dependencies": {
    "@klaytn/contracts": {
      "version": "0.9.0",
      "resolved": "https://registry.npmjs.org/@klaytn/contracts/-/contracts-0.9.0.tgz",
      "integrity": "sha512-yuJEkaCfKt2Wb17tyeaDKCB7KjHSp6tOOHp/x6Cbck1uiqpIu02pKH7qq+zFrKJ6c9cn0J0G9bXjfcjXH4ZEHg=="
    }
  }
}
